
Microsoft Visual Studio Solution File, Format Version 12.00
# Visual Studio Version 16
VisualStudioVersion = 16.0.32106.194
MinimumVisualStudioVersion = 10.0.40219.1
Project("{FAE04EC0-301F-11D3-BF4B-00C04F79EFBC}") = "MHR-SaveManager", "MHR-SaveManager\MHR-SaveManager.csproj", "{672D8AF4-D877-4D0A-A5E6-A35A7B1FEBDC}"
EndProject
Global
	GlobalSection(SolutionConfigurationPlatforms) = preSolution
		Debug|Any CPU = Debug|Any CPU
		Release|Any CPU = Release|Any CPU
	EndGlobalSection
	GlobalSection(ProjectConfigurationPlatforms) = postSolution
		{672D8AF4-D877-4D0A-A5E6-A35A7B1FEBDC}.Debug|Any CPU.ActiveCfg = Debug|Any CPU
		{672D8AF4-D877-4D0A-A5E6-A35A7B1FEBDC}.Debug|Any CPU.Build.0 = Debug|Any CPU
		{672D8AF4-D877-4D0A-A5E6-A35A7B1FEBDC}.Release|Any CPU.ActiveCfg = Release|Any CPU
		{672D8AF4-D877-4D0A-A5E6-A35A7B1FEBDC}.Release|Any CPU.Build.0 = Release|Any CPU
	EndGlobalSection
	GlobalSection(SolutionProperties) = preSolution
		HideSolutionNode = FALSE
	EndGlobalSection
	GlobalSection(ExtensibilityGlobals) = postSolution
		SolutionGuid = {81E4463A-FF1E-489A-822E-F7776D107705}
	EndGlobalSection
EndGlobal
